# THIS IS AN AUTOGENERATED FILE. DO NOT EDIT THIS FILE DIRECTLY.
# yarn lockfile v1


"@esbuild/android-arm64@0.17.4":
  version "0.17.4"
  resolved "https://registry.yarnpkg.com/@esbuild/android-arm64/-/android-arm64-0.17.4.tgz#0a900a7e448cc038ae5a751255257fc67163ed32"
  integrity sha512-91VwDrl4EpxBCiG6h2LZZEkuNvVZYJkv2T9gyLG/mhGG1qrM7i5SwUcg/hlSPnL/4hDT0TFcF35/XMGSn0bemg==

"@esbuild/android-arm@0.17.4":
  version "0.17.4"
  resolved "https://registry.yarnpkg.com/@esbuild/android-arm/-/android-arm-0.17.4.tgz#fe32ce82eb6064d3dc13c0d8ca0e440bbc776c93"
  integrity sha512-R9GCe2xl2XDSc2XbQB63mFiFXHIVkOP+ltIxICKXqUPrFX97z6Z7vONCLQM1pSOLGqfLrGi3B7nbhxmFY/fomg==

"@esbuild/android-x64@0.17.4":
  version "0.17.4"
  resolved "https://registry.yarnpkg.com/@esbuild/android-x64/-/android-x64-0.17.4.tgz#6ae1056f6ecf1963c1d076cf5f0109b52d8049f6"
  integrity sha512-mGSqhEPL7029XL7QHNPxPs15JVa02hvZvysUcyMP9UXdGFwncl2WU0bqx+Ysgzd+WAbv8rfNa73QveOxAnAM2w==

"@esbuild/darwin-arm64@0.17.4":
  version "0.17.4"
  resolved "https://registry.yarnpkg.com/@esbuild/darwin-arm64/-/darwin-arm64-0.17.4.tgz#5064d81ee5b8d646a5b7cc3e53c98cb983c4af55"
  integrity sha512-tTyJRM9dHvlMPt1KrBFVB5OW1kXOsRNvAPtbzoKazd5RhD5/wKlXk1qR2MpaZRYwf4WDMadt0Pv0GwxB41CVow==

"@esbuild/darwin-x64@0.17.4":
  version "0.17.4"
  resolved "https://registry.yarnpkg.com/@esbuild/darwin-x64/-/darwin-x64-0.17.4.tgz#67f0213b3333248b32a97a7fc3fee880c2157674"
  integrity sha512-phQuC2Imrb3TjOJwLN8EO50nb2FHe8Ew0OwgZDH1SV6asIPGudnwTQtighDF2EAYlXChLoMJwqjAp4vAaACq6w==

"@esbuild/freebsd-arm64@0.17.4":
  version "0.17.4"
  resolved "https://registry.yarnpkg.com/@esbuild/freebsd-arm64/-/freebsd-arm64-0.17.4.tgz#8eaaa126d9ff24822c730f06a71ac2d1091dc1c2"
  integrity sha512-oH6JUZkocgmjzzYaP5juERLpJQSwazdjZrTPgLRmAU2bzJ688x0vfMB/WTv4r58RiecdHvXOPC46VtsMy/mepg==

"@esbuild/freebsd-x64@0.17.4":
  version "0.17.4"
  resolved "https://registry.yarnpkg.com/@esbuild/freebsd-x64/-/freebsd-x64-0.17.4.tgz#314eff900a71abf64d4e5bea31e430d8ebd78d79"
  integrity sha512-U4iWGn/9TrAfpAdfd56eO0pRxIgb0a8Wj9jClrhT8hvZnOnS4dfMPW7o4fn15D/KqoiVYHRm43jjBaTt3g/2KA==

"@esbuild/linux-arm64@0.17.4":
  version "0.17.4"
  resolved "https://registry.yarnpkg.com/@esbuild/linux-arm64/-/linux-arm64-0.17.4.tgz#5bed6bb8eb1d331644f8b31c87b8df57f204e84e"
  integrity sha512-UkGfQvYlwOaeYJzZG4cLV0hCASzQZnKNktRXUo3/BMZvdau40AOz9GzmGA063n1piq6VrFFh43apRDQx8hMP2w==

"@esbuild/linux-arm@0.17.4":
  version "0.17.4"
  resolved "https://registry.yarnpkg.com/@esbuild/linux-arm/-/linux-arm-0.17.4.tgz#6eaa41f37e231d113da715a1d9cc820e5523aeb6"
  integrity sha512-S2s9xWTGMTa/fG5EyMGDeL0wrWVgOSQcNddJWgu6rG1NCSXJHs76ZP9AsxjB3f2nZow9fWOyApklIgiTGZKhiw==

"@esbuild/linux-ia32@0.17.4":
  version "0.17.4"
  resolved "https://registry.yarnpkg.com/@esbuild/linux-ia32/-/linux-ia32-0.17.4.tgz#3fc352bb54e0959fda273cd2253b1c72ca41b8c2"
  integrity sha512-3lqFi4VFo/Vwvn77FZXeLd0ctolIJH/uXkH3yNgEk89Eh6D3XXAC9/iTPEzeEpsNE5IqGIsFa5Z0iPeOh25IyA==

"@esbuild/linux-loong64@0.17.4":
  version "0.17.4"
  resolved "https://registry.yarnpkg.com/@esbuild/linux-loong64/-/linux-loong64-0.17.4.tgz#86d54f690be53669cd2a38a5333ecf2608c11189"
  integrity sha512-HqpWZkVslDHIwdQ9D+gk7NuAulgQvRxF9no54ut/M55KEb3mi7sQS3GwpPJzSyzzP0UkjQVN7/tbk88/CaX4EQ==

"@esbuild/linux-mips64el@0.17.4":
  version "0.17.4"
  resolved "https://registry.yarnpkg.com/@esbuild/linux-mips64el/-/linux-mips64el-0.17.4.tgz#3dbd897bd8f047fef35e69bd253b8f07ca7fe483"
  integrity sha512-d/nMCKKh/SVDbqR9ju+b78vOr0tNXtfBjcp5vfHONCCOAL9ad8gN9dC/u+UnH939pz7wO+0u/x9y1MaZcb/lKA==

"@esbuild/linux-ppc64@0.17.4":
  version "0.17.4"
  resolved "https://registry.yarnpkg.com/@esbuild/linux-ppc64/-/linux-ppc64-0.17.4.tgz#defaff6db9a60f08936fc0c59e0eabfb1055968a"
  integrity sha512-lOD9p2dmjZcNiTU+sGe9Nn6G3aYw3k0HBJies1PU0j5IGfp6tdKOQ6mzfACRFCqXjnBuTqK7eTYpwx09O5LLfg==

"@esbuild/linux-riscv64@0.17.4":
  version "0.17.4"
  resolved "https://registry.yarnpkg.com/@esbuild/linux-riscv64/-/linux-riscv64-0.17.4.tgz#270a09f6f4205a8a8c8ed3c7dbabdcebaafa8a84"
  integrity sha512-mTGnwWwVshAjGsd8rP+K6583cPDgxOunsqqldEYij7T5/ysluMHKqUIT4TJHfrDFadUwrghAL6QjER4FeqQXoA==

"@esbuild/linux-s390x@0.17.4":
  version "0.17.4"
  resolved "https://registry.yarnpkg.com/@esbuild/linux-s390x/-/linux-s390x-0.17.4.tgz#197695bece68f514dcdcc286562b5d48c5dad5f9"
  integrity sha512-AQYuUGp50XM29/N/dehADxvc2bUqDcoqrVuijop1Wv72SyxT6dDB9wjUxuPZm2HwIM876UoNNBMVd+iX/UTKVQ==

"@esbuild/linux-x64@0.17.4":
  version "0.17.4"
  resolved "https://registry.yarnpkg.com/@esbuild/linux-x64/-/linux-x64-0.17.4.tgz#db50cdfb071c0d367025c1c98563aab1318f800e"
  integrity sha512-+AsFBwKgQuhV2shfGgA9YloxLDVjXgUEWZum7glR5lLmV94IThu/u2JZGxTgjYby6kyXEx8lKOqP5rTEVBR0Rw==

"@esbuild/netbsd-x64@0.17.4":
  version "0.17.4"
  resolved "https://registry.yarnpkg.com/@esbuild/netbsd-x64/-/netbsd-x64-0.17.4.tgz#e4d5d8022f8eddbd7d9899d58265915444f46f3b"
  integrity sha512-zD1TKYX9553OiLS/qkXPMlWoELYkH/VkzRYNKEU+GwFiqkq0SuxsKnsCg5UCdxN3cqd+1KZ8SS3R+WG/Hxy2jQ==

"@esbuild/openbsd-x64@0.17.4":
  version "0.17.4"
  resolved "https://registry.yarnpkg.com/@esbuild/openbsd-x64/-/openbsd-x64-0.17.4.tgz#9b770e1e7745824cbe155f5a742fc781855a7e68"
  integrity sha512-PY1NjEsLRhPEFFg1AV0/4Or/gR+q2dOb9s5rXcPuCjyHRzbt8vnHJl3vYj+641TgWZzTFmSUnZbzs1zwTzjeqw==

"@esbuild/sunos-x64@0.17.4":
  version "0.17.4"
  resolved "https://registry.yarnpkg.com/@esbuild/sunos-x64/-/sunos-x64-0.17.4.tgz#4c6d2290f8bf39ab9284f5a1b9a2210858e2d6e6"
  integrity sha512-B3Z7s8QZQW9tKGleMRXvVmwwLPAUoDCHs4WZ2ElVMWiortLJFowU1NjAhXOKjDgC7o9ByeVcwyOlJ+F2r6ZgmQ==

"@esbuild/win32-arm64@0.17.4":
  version "0.17.4"
  resolved "https://registry.yarnpkg.com/@esbuild/win32-arm64/-/win32-arm64-0.17.4.tgz#424954b6d598f40e2c5a0d85e3af07147fb41909"
  integrity sha512-0HCu8R3mY/H5V7N6kdlsJkvrT591bO/oRZy8ztF1dhgNU5xD5tAh5bKByT1UjTGjp/VVBsl1PDQ3L18SfvtnBQ==

"@esbuild/win32-ia32@0.17.4":
  version "0.17.4"
  resolved "https://registry.yarnpkg.com/@esbuild/win32-ia32/-/win32-ia32-0.17.4.tgz#2c94e9c3a82c779d3f07b3fb5c482a2e3fecedb1"
  integrity sha512-VUjhVDQycse1gLbe06pC/uaA0M+piQXJpdpNdhg8sPmeIZZqu5xPoGWVCmcsOO2gaM2cywuTYTHkXRozo3/Nkg==

"@esbuild/win32-x64@0.17.4":
  version "0.17.4"
  resolved "https://registry.yarnpkg.com/@esbuild/win32-x64/-/win32-x64-0.17.4.tgz#9b7760cdc77678bdbc5b582fae2cf3de449df048"
  integrity sha512-0kLAjs+xN5OjhTt/aUA6t48SfENSCKgGPfExADYTOo/UCn0ivxos9/anUVeSfg+L+2O9xkFxvJXIJfG+Q4sYSg==

"@types/node@^18.11.18":
  version "18.11.18"
  resolved "https://registry.yarnpkg.com/@types/node/-/node-18.11.18.tgz#8dfb97f0da23c2293e554c5a50d61ef134d7697f"
  integrity sha512-DHQpWGjyQKSHj3ebjFI/wRKcqQcdR+MoFBygntYOZytCqNfkd2ZC4ARDJ2DQqhjH5p85Nnd3jhUJIXrszFX/JA==

"@types/prop-types@*":
  version "15.7.5"
  resolved "https://registry.yarnpkg.com/@types/prop-types/-/prop-types-15.7.5.tgz#5f19d2b85a98e9558036f6a3cacc8819420f05cf"
  integrity sha512-JCB8C6SnDoQf0cNycqd/35A7MjcnK+ZTqE7judS6o7utxUCg6imJg3QK2qzHKszlTjcj2cn+NwMB2i96ubpj7w==

"@types/react-reconciler@^0.28.2":
  version "0.28.2"
  resolved "https://registry.yarnpkg.com/@types/react-reconciler/-/react-reconciler-0.28.2.tgz#f16b0e8cc4748af70ca975eaaace0d79582c71fa"
  integrity sha512-8tu6lHzEgYPlfDf/J6GOQdIc+gs+S2yAqlby3zTsB3SP2svlqTYe5fwZNtZyfactP74ShooP2vvi1BOp9ZemWw==
  dependencies:
    "@types/react" "*"

"@types/react@*", "@types/react@^18.0.27":
  version "18.0.27"
  resolved "https://registry.yarnpkg.com/@types/react/-/react-18.0.27.tgz#d9425abe187a00f8a5ec182b010d4fd9da703b71"
  integrity sha512-3vtRKHgVxu3Jp9t718R9BuzoD4NcQ8YJ5XRzsSKxNDiDonD2MXIT1TmSkenxuCycZJoQT5d2vE8LwWJxBC1gmA==
  dependencies:
    "@types/prop-types" "*"
    "@types/scheduler" "*"
    csstype "^3.0.2"

"@types/scheduler@*":
  version "0.16.2"
  resolved "https://registry.yarnpkg.com/@types/scheduler/-/scheduler-0.16.2.tgz#1a62f89525723dde24ba1b01b092bf5df8ad4d39"
  integrity sha512-hppQEBDmlwhFAXKJX2KnWLYu5yMfi91yazPb2l+lbJiwW+wdo1gNeRA+3RgNSO39WYX2euey41KEwnqesU2Jew==

csstype@^3.0.2:
  version "3.1.1"
  resolved "https://registry.yarnpkg.com/csstype/-/csstype-3.1.1.tgz#841b532c45c758ee546a11d5bd7b7b473c8c30b9"
  integrity sha512-DJR/VvkAvSZW9bTouZue2sSxDwdTN92uHjqeKVm+0dAqdfNykRzQ95tay8aXMBAAPpUiq4Qcug2L7neoRh2Egw==

esbuild@^0.17.4:
  version "0.17.4"
  resolved "https://registry.yarnpkg.com/esbuild/-/esbuild-0.17.4.tgz#af4f8f78604c67f8e6afbdee36a3f4211ecfc859"
  integrity sha512-zBn9MeCwT7W5F1a3lXClD61ip6vQM+H8Msb0w8zMT4ZKBpDg+rFAraNyWCDelB/2L6M3g6AXHPnsyvjMFnxtFw==
  optionalDependencies:
    "@esbuild/android-arm" "0.17.4"
    "@esbuild/android-arm64" "0.17.4"
    "@esbuild/android-x64" "0.17.4"
    "@esbuild/darwin-arm64" "0.17.4"
    "@esbuild/darwin-x64" "0.17.4"
    "@esbuild/freebsd-arm64" "0.17.4"
    "@esbuild/freebsd-x64" "0.17.4"
    "@esbuild/linux-arm" "0.17.4"
    "@esbuild/linux-arm64" "0.17.4"
    "@esbuild/linux-ia32" "0.17.4"
    "@esbuild/linux-loong64" "0.17.4"
    "@esbuild/linux-mips64el" "0.17.4"
    "@esbuild/linux-ppc64" "0.17.4"
    "@esbuild/linux-riscv64" "0.17.4"
    "@esbuild/linux-s390x" "0.17.4"
    "@esbuild/linux-x64" "0.17.4"
    "@esbuild/netbsd-x64" "0.17.4"
    "@esbuild/openbsd-x64" "0.17.4"
    "@esbuild/sunos-x64" "0.17.4"
    "@esbuild/win32-arm64" "0.17.4"
    "@esbuild/win32-ia32" "0.17.4"
    "@esbuild/win32-x64" "0.17.4"

"js-tokens@^3.0.0 || ^4.0.0":
  version "4.0.0"
  resolved "https://registry.yarnpkg.com/js-tokens/-/js-tokens-4.0.0.tgz#19203fb59991df98e3a287050d4647cdeaf32499"
  integrity sha512-RdJUflcE3cUzKiMqQgsCu06FPu9UdIJO0beYbPhHN4k6apgJtifcoCtT9bcxOpYBtpD2kCM6Sbzg4CausW/PKQ==

loose-envify@^1.1.0:
  version "1.4.0"
  resolved "https://registry.yarnpkg.com/loose-envify/-/loose-envify-1.4.0.tgz#71ee51fa7be4caec1a63839f7e682d8132d30caf"
  integrity sha512-lyuxPGr/Wfhrlem2CL/UcnUc1zcqKAImBDzukY7Y5F/yQiNdko6+fRLevlw1HgMySw7f611UIY408EtxRSoK3Q==
  dependencies:
    js-tokens "^3.0.0 || ^4.0.0"

react-reconciler@^0.29.0:
  version "0.29.0"
  resolved "https://registry.yarnpkg.com/react-reconciler/-/react-reconciler-0.29.0.tgz#ee769bd362915076753f3845822f2d1046603de7"
  integrity sha512-wa0fGj7Zht1EYMRhKWwoo1H9GApxYLBuhoAuXN0TlltESAjDssB+Apf0T/DngVqaMyPypDmabL37vw/2aRM98Q==
  dependencies:
    loose-envify "^1.1.0"
    scheduler "^0.23.0"

react@^18.2.0:
  version "18.2.0"
  resolved "https://registry.yarnpkg.com/react/-/react-18.2.0.tgz#555bd98592883255fa00de14f1151a917b5d77d5"
  integrity sha512-/3IjMdb2L9QbBdWiW5e3P2/npwMBaU9mHCSCUzNln0ZCYbcfTsGbTJrU/kGemdH2IWmB2ioZ+zkxtmq6g09fGQ==
  dependencies:
    loose-envify "^1.1.0"

scheduler@^0.23.0:
  version "0.23.0"
  resolved "https://registry.yarnpkg.com/scheduler/-/scheduler-0.23.0.tgz#ba8041afc3d30eb206a487b6b384002e4e61fdfe"
  integrity sha512-CtuThmgHNg7zIZWAXi3AsyIzA3n4xx7aNyjwC2VJldO2LMVDhFK+63xGqq6CsJH4rTAt6/M+N4GhZiDYPx9eUw==
  dependencies:
    loose-envify "^1.1.0"
